
Microsoft Visual Studio Solution File, Format Version 12.00
# Visual Studio Version 17
VisualStudioVersion = 17.10.35122.118
MinimumVisualStudioVersion = 10.0.40219.1
Project("{2150E333-8FDC-42A3-9474-1A3956D46DE8}") = "src", "src", "{E3115A9A-26D6-44BC-97CC-DFF01D06F86E}"
EndProject
Project("{2150E333-8FDC-42A3-9474-1A3956D46DE8}") = "test", "test", "{3258A973-43BB-4620-BD66-122E16C4F14F}"
EndProject
Project("{2150E333-8FDC-42A3-9474-1A3956D46DE8}") = "APIs", "APIs", "{67E7046C-1E29-4CFA-AF41-D172D16A28BD}"
EndProject
Project("{2150E333-8FDC-42A3-9474-1A3956D46DE8}") = "Core", "Core", "{DA845689-7328-4F4F-B241-B75E28EE72F3}"
EndProject
Project("{2150E333-8FDC-42A3-9474-1A3956D46DE8}") = "Infrastructure", "Infrastructure", "{543F82AF-F4B9-4D02-9702-55B98A6A6E35}"
EndProject
Project("{2150E333-8FDC-42A3-9474-1A3956D46DE8}") = "UI", "UI", "{3428C81A-4BD5-4794-92B2-75A4E68EEA59}"
EndProject
Project("{2150E333-8FDC-42A3-9474-1A3956D46DE8}") = "Client", "Client", "{EFD86A67-C3DC-4209-932C-B7BCB17AAA6C}"
EndProject
Project("{2150E333-8FDC-42A3-9474-1A3956D46DE8}") = "Dashboard", "Dashboard", "{D44E37FF-3203-481F-9F75-6A5557C4E6E8}"
EndProject
Project("{9A19103F-16F7-4668-BE54-9A1E7A4F7556}") = "LinkDev.Talabat.APIs", "LinkDev.Talabat.APIs\LinkDev.Talabat.APIs.csproj", "{12021754-2259-4354-A75F-CF953830797A}"
EndProject
Project("{9A19103F-16F7-4668-BE54-9A1E7A4F7556}") = "LinkDev.Talabat.Core.Domain", "LinkDev.Talabat.Core.Domain\LinkDev.Talabat.Core.Domain.csproj", "{631930D9-C959-4334-8E6C-33D4C1F28045}"
EndProject
Project("{9A19103F-16F7-4668-BE54-9A1E7A4F7556}") = "LinkDev.Talabat.Core.Application", "LinkDev.Talabat.Core.Application\LinkDev.Talabat.Core.Application.csproj", "{88CE1172-1A6F-4D51-ADFD-F8DBBEB059D6}"
EndProject
Project("{9A19103F-16F7-4668-BE54-9A1E7A4F7556}") = "LinkDev.Talabat.Core.Application.Abstraction", "LinkDev.Talabat.Core.Application.Abstraction\LinkDev.Talabat.Core.Application.Abstraction.csproj", "{EE09E7A4-B695-4E1B-B12D-4F11E2D5D50F}"
EndProject
Project("{9A19103F-16F7-4668-BE54-9A1E7A4F7556}") = "LinkDev.Talabat.Infrastructure", "LinkDev.Talabat.Infrastructure\LinkDev.Talabat.Infrastructure.csproj", "{4EED464F-D369-4288-873E-19A1DBDC0B28}"
EndProject
Project("{9A19103F-16F7-4668-BE54-9A1E7A4F7556}") = "LinkDev.Talabat.Infrastructure.Presistence", "LinkDev.Talabat.Infrastructure.Presistence\LinkDev.Talabat.Infrastructure.Presistence.csproj", "{3201B09A-C45A-48BD-8F61-7C8530B7773E}"
EndProject
Project("{54A90642-561A-4BB1-A94E-469ADEE60C69}") = "Talabat.Client", "Talabat.Client\Talabat.Client.esproj", "{03962255-3718-46FF-A582-4C3A8CE4107A}"
EndProject
Project("{9A19103F-16F7-4668-BE54-9A1E7A4F7556}") = "LinkDev.Talabat.Dashboard", "LinkDev.Talabat.Dashboard\LinkDev.Talabat.Dashboard.csproj", "{7C170090-68DD-4E0C-8839-4ECD3AB3C2AF}"
EndProject
Project("{FAE04EC0-301F-11D3-BF4B-00C04F79EFBC}") = "LinkDev.Talabat.APIs.Controllers", "LinkDev.Talabat.APIs.Controllers\LinkDev.Talabat.APIs.Controllers.csproj", "{5A391B9C-35E9-4CBE-8F1A-8FA10A753163}"
EndProject
Global
	GlobalSection(SolutionConfigurationPlatforms) = preSolution
		Debug|Any CPU = Debug|Any CPU
		Release|Any CPU = Release|Any CPU
	EndGlobalSection
	GlobalSection(ProjectConfigurationPlatforms) = postSolution
		{12021754-2259-4354-A75F-CF953830797A}.Debug|Any CPU.ActiveCfg = Debug|Any CPU
		{12021754-2259-4354-A75F-CF953830797A}.Debug|Any CPU.Build.0 = Debug|Any CPU
		{12021754-2259-4354-A75F-CF953830797A}.Release|Any CPU.ActiveCfg = Release|Any CPU
		{12021754-2259-4354-A75F-CF953830797A}.Release|Any CPU.Build.0 = Release|Any CPU
		{631930D9-C959-4334-8E6C-33D4C1F28045}.Debug|Any CPU.ActiveCfg = Debug|Any CPU
		{631930D9-C959-4334-8E6C-33D4C1F28045}.Debug|Any CPU.Build.0 = Debug|Any CPU
		{631930D9-C959-4334-8E6C-33D4C1F28045}.Release|Any CPU.ActiveCfg = Release|Any CPU
		{631930D9-C959-4334-8E6C-33D4C1F28045}.Release|Any CPU.Build.0 = Release|Any CPU
		{88CE1172-1A6F-4D51-ADFD-F8DBBEB059D6}.Debug|Any CPU.ActiveCfg = Debug|Any CPU
		{88CE1172-1A6F-4D51-ADFD-F8DBBEB059D6}.Debug|Any CPU.Build.0 = Debug|Any CPU
		{88CE1172-1A6F-4D51-ADFD-F8DBBEB059D6}.Release|Any CPU.ActiveCfg = Release|Any CPU
		{88CE1172-1A6F-4D51-ADFD-F8DBBEB059D6}.Release|Any CPU.Build.0 = Release|Any CPU
		{EE09E7A4-B695-4E1B-B12D-4F11E2D5D50F}.Debug|Any CPU.ActiveCfg = Debug|Any CPU
		{EE09E7A4-B695-4E1B-B12D-4F11E2D5D50F}.Debug|Any CPU.Build.0 = Debug|Any CPU
		{EE09E7A4-B695-4E1B-B12D-4F11E2D5D50F}.Release|Any CPU.ActiveCfg = Release|Any CPU
		{EE09E7A4-B695-4E1B-B12D-4F11E2D5D50F}.Release|Any CPU.Build.0 = Release|Any CPU
		{4EED464F-D369-4288-873E-19A1DBDC0B28}.Debug|Any CPU.ActiveCfg = Debug|Any CPU
		{4EED464F-D369-4288-873E-19A1DBDC0B28}.Debug|Any CPU.Build.0 = Debug|Any CPU
		{4EED464F-D369-4288-873E-19A1DBDC0B28}.Release|Any CPU.ActiveCfg = Release|Any CPU
		{4EED464F-D369-4288-873E-19A1DBDC0B28}.Release|Any CPU.Build.0 = Release|Any CPU
		{3201B09A-C45A-48BD-8F61-7C8530B7773E}.Debug|Any CPU.ActiveCfg = Debug|Any CPU
		{3201B09A-C45A-48BD-8F61-7C8530B7773E}.Debug|Any CPU.Build.0 = Debug|Any CPU
		{3201B09A-C45A-48BD-8F61-7C8530B7773E}.Release|Any CPU.ActiveCfg = Release|Any CPU
		{3201B09A-C45A-48BD-8F61-7C8530B7773E}.Release|Any CPU.Build.0 = Release|Any CPU
		{03962255-3718-46FF-A582-4C3A8CE4107A}.Debug|Any CPU.ActiveCfg = Debug|Any CPU
		{03962255-3718-46FF-A582-4C3A8CE4107A}.Debug|Any CPU.Build.0 = Debug|Any CPU
		{03962255-3718-46FF-A582-4C3A8CE4107A}.Debug|Any CPU.Deploy.0 = Debug|Any CPU
		{03962255-3718-46FF-A582-4C3A8CE4107A}.Release|Any CPU.ActiveCfg = Release|Any CPU
		{03962255-3718-46FF-A582-4C3A8CE4107A}.Release|Any CPU.Build.0 = Release|Any CPU
		{03962255-3718-46FF-A582-4C3A8CE4107A}.Release|Any CPU.Deploy.0 = Release|Any CPU
		{7C170090-68DD-4E0C-8839-4ECD3AB3C2AF}.Debug|Any CPU.ActiveCfg = Debug|Any CPU
		{7C170090-68DD-4E0C-8839-4ECD3AB3C2AF}.Debug|Any CPU.Build.0 = Debug|Any CPU
		{7C170090-68DD-4E0C-8839-4ECD3AB3C2AF}.Release|Any CPU.ActiveCfg = Release|Any CPU
		{7C170090-68DD-4E0C-8839-4ECD3AB3C2AF}.Release|Any CPU.Build.0 = Release|Any CPU
		{5A391B9C-35E9-4CBE-8F1A-8FA10A753163}.Debug|Any CPU.ActiveCfg = Debug|Any CPU
		{5A391B9C-35E9-4CBE-8F1A-8FA10A753163}.Debug|Any CPU.Build.0 = Debug|Any CPU
		{5A391B9C-35E9-4CBE-8F1A-8FA10A753163}.Release|Any CPU.ActiveCfg = Release|Any CPU
		{5A391B9C-35E9-4CBE-8F1A-8FA10A753163}.Release|Any CPU.Build.0 = Release|Any CPU
	EndGlobalSection
	GlobalSection(SolutionProperties) = preSolution
		HideSolutionNode = FALSE
	EndGlobalSection
	GlobalSection(NestedProjects) = preSolution
		{67E7046C-1E29-4CFA-AF41-D172D16A28BD} = {E3115A9A-26D6-44BC-97CC-DFF01D06F86E}
		{DA845689-7328-4F4F-B241-B75E28EE72F3} = {E3115A9A-26D6-44BC-97CC-DFF01D06F86E}
		{543F82AF-F4B9-4D02-9702-55B98A6A6E35} = {E3115A9A-26D6-44BC-97CC-DFF01D06F86E}
		{3428C81A-4BD5-4794-92B2-75A4E68EEA59} = {E3115A9A-26D6-44BC-97CC-DFF01D06F86E}
		{EFD86A67-C3DC-4209-932C-B7BCB17AAA6C} = {3428C81A-4BD5-4794-92B2-75A4E68EEA59}
		{D44E37FF-3203-481F-9F75-6A5557C4E6E8} = {3428C81A-4BD5-4794-92B2-75A4E68EEA59}
		{12021754-2259-4354-A75F-CF953830797A} = {67E7046C-1E29-4CFA-AF41-D172D16A28BD}
		{631930D9-C959-4334-8E6C-33D4C1F28045} = {DA845689-7328-4F4F-B241-B75E28EE72F3}
		{88CE1172-1A6F-4D51-ADFD-F8DBBEB059D6} = {DA845689-7328-4F4F-B241-B75E28EE72F3}
		{EE09E7A4-B695-4E1B-B12D-4F11E2D5D50F} = {DA845689-7328-4F4F-B241-B75E28EE72F3}
		{4EED464F-D369-4288-873E-19A1DBDC0B28} = {543F82AF-F4B9-4D02-9702-55B98A6A6E35}
		{3201B09A-C45A-48BD-8F61-7C8530B7773E} = {543F82AF-F4B9-4D02-9702-55B98A6A6E35}
		{03962255-3718-46FF-A582-4C3A8CE4107A} = {EFD86A67-C3DC-4209-932C-B7BCB17AAA6C}
		{7C170090-68DD-4E0C-8839-4ECD3AB3C2AF} = {D44E37FF-3203-481F-9F75-6A5557C4E6E8}
		{5A391B9C-35E9-4CBE-8F1A-8FA10A753163} = {67E7046C-1E29-4CFA-AF41-D172D16A28BD}
	EndGlobalSection
	GlobalSection(ExtensibilityGlobals) = postSolution
		SolutionGuid = {D34AE040-7EA5-4BE4-ADFF-F645495D2D20}
	EndGlobalSection
EndGlobal
